<?xml version="1.0" encoding="utf-8"?>
<Project ToolsVersion="4.0" xmlns="http://schemas.microsoft.com/developer/msbuild/2003">
  <ItemGroup>
    <Filter Include="Source Files">
      <UniqueIdentifier>{4FC737F1-C7A5-4376-A066-2A32D752A2FF}</UniqueIdentifier>
      <Extensions>cpp;c;cc;cxx;c++;cppm;ixx;def;odl;idl;hpj;bat;asm;asmx</Extensions>
    </Filter>
    <Filter Include="Header Files">
      <UniqueIdentifier>{93995380-89BD-4b04-88EB-625FBE52EBFB}</UniqueIdentifier>
      <Extensions>h;hh;hpp;hxx;h++;hm;inl;inc;ipp;xsd</Extensions>
    </Filter>
    <Filter Include="Resource Files">
      <UniqueIdentifier>{67DA6AB6-F800-4c08-8B7A-83BB121AAD01}</UniqueIdentifier>
      <Extensions>rc;ico;cur;bmp;dlg;rc2;rct;bin;rgs;gif;jpg;jpeg;jpe;resx;tiff;tif;png;wav;mfcribbon-ms</Extensions>
    </Filter>
  </ItemGroup>
  <ItemGroup>
    <ClInclude Include="pch.h">
      <Filter>Header Files</Filter>
    </ClInclude>
    <ClInclude Include="SDK\Source\Runtime\DevelopmentKit\UtfN.hpp">
      <Filter>Header Files</Filter>
    </ClInclude>
    <ClInclude Include="SDK\Source\Runtime\DevelopmentKit\UnrealContainers.hpp">
      <Filter>Header Files</Filter>
    </ClInclude>
    <ClInclude Include="SDK\Source\Runtime\DevelopmentKit\SDK.hpp">
      <Filter>Header Files</Filter>
    </ClInclude>
    <ClInclude Include="SDK\Source\Runtime\DevelopmentKit\PropertyFixup.hpp">
      <Filter>Header Files</Filter>
    </ClInclude>
    <ClInclude Include="Engine\Plugins\Runtime\GameplayAbilities\Source\GameplayAbilities\Public\Abilities.h">
      <Filter>Header Files</Filter>
    </ClInclude>
    <ClInclude Include="Engine\Restricted\NotForLicensees\Plugins\OnlineGameplayFramework\Source\McpProfileSys\Public\McpProfileGroup.h">
      <Filter>Header Files</Filter>
    </ClInclude>
    <ClInclude Include="Engine\Source\ThirdParty\Libraries\curl\curl.h">
      <Filter>Header Files</Filter>
    </ClInclude>
    <ClInclude Include="Engine\Source\ThirdParty\Libraries\curl\curlver.h">
      <Filter>Header Files</Filter>
    </ClInclude>
    <ClInclude Include="Engine\Source\ThirdParty\Libraries\curl\easy.h">
      <Filter>Header Files</Filter>
    </ClInclude>
    <ClInclude Include="Engine\Source\ThirdParty\Libraries\curl\header.h">
      <Filter>Header Files</Filter>
    </ClInclude>
    <ClInclude Include="Engine\Source\ThirdParty\Libraries\curl\mprintf.h">
      <Filter>Header Files</Filter>
    </ClInclude>
    <ClInclude Include="Engine\Source\ThirdParty\Libraries\curl\multi.h">
      <Filter>Header Files</Filter>
    </ClInclude>
    <ClInclude Include="Engine\Source\ThirdParty\Libraries\curl\options.h">
      <Filter>Header Files</Filter>
    </ClInclude>
    <ClInclude Include="Engine\Source\ThirdParty\Libraries\curl\stdcheaders.h">
      <Filter>Header Files</Filter>
    </ClInclude>
    <ClInclude Include="Engine\Source\ThirdParty\Libraries\curl\system.h">
      <Filter>Header Files</Filter>
    </ClInclude>
    <ClInclude Include="Engine\Source\ThirdParty\Libraries\curl\typecheck-gcc.h">
      <Filter>Header Files</Filter>
    </ClInclude>
    <ClInclude Include="Engine\Source\ThirdParty\Libraries\curl\urlapi.h">
      <Filter>Header Files</Filter>
    </ClInclude>
    <ClInclude Include="Engine\Source\ThirdParty\Libraries\json\json.hpp">
      <Filter>Header Files</Filter>
    </ClInclude>
    <ClInclude Include="Engine\Source\ThirdParty\Libraries\Memcury\Memcury.h">
      <Filter>Header Files</Filter>
    </ClInclude>
    <ClInclude Include="Engine\Source\ThirdParty\Libraries\Minhook\MinHook.h">
      <Filter>Header Files</Filter>
    </ClInclude>
    <ClInclude Include="FortniteGame\Source\FortniteGame\Public\Athena\Public\FortGameModeAthena.h">
      <Filter>Header Files</Filter>
    </ClInclude>
    <ClInclude Include="Engine\Source\ThirdParty\Offsets\Offsets.h">
      <Filter>Header Files</Filter>
    </ClInclude>
    <ClInclude Include="Engine\Source\ThirdParty\FFrame\Public\FFrame.h">
      <Filter>Header Files</Filter>
    </ClInclude>
    <ClInclude Include="Engine\Source\Runtime\Engine\Public\NetDriver.h">
      <Filter>Header Files</Filter>
    </ClInclude>
    <ClInclude Include="Engine\Source\ThirdParty\Globals\Globals.h">
      <Filter>Header Files</Filter>
    </ClInclude>
    <ClInclude Include="Engine\Source\ThirdParty\Utils\Utils.h">
      <Filter>Header Files</Filter>
    </ClInclude>
    <ClInclude Include="FortniteGame\Source\FortniteGame\Public\SessionDedicated\Public\FortGameSessionDedicated.h">
      <Filter>Header Files</Filter>
    </ClInclude>
    <ClInclude Include="FortniteGame\Source\FortniteGame\Public\PlayerController\Public\PlayerController.h">
      <Filter>Header Files</Filter>
    </ClInclude>
    <ClInclude Include="FortniteGame\Source\FortniteGame\Public\Inventory\Public\Inventory.h">
      <Filter>Header Files</Filter>
    </ClInclude>
    <ClInclude Include="FortniteGame\Source\FortniteGame\Public\LateGame\Public\LateGame.h">
      <Filter>Header Files</Filter>
    </ClInclude>
    <ClInclude Include="FortniteGame\Source\FortniteGame\Public\QuestManager\Public\QuestManage.h">
      <Filter>Header Files</Filter>
    </ClInclude>
    <ClInclude Include="FortniteGame\Source\FortniteGame\Public\BuildingSMActor\Public\BuildingSMActor.h">
      <Filter>Header Files</Filter>
    </ClInclude>
    <ClInclude Include="FortniteGame\Source\FortniteGame\Public\Weapon\Weapon.h">
      <Filter>Header Files</Filter>
    </ClInclude>
    <ClInclude Include="FortniteGame\Source\FortniteGame\Public\BuildingContainer\Public\BuildingContainer.h">
      <Filter>Header Files</Filter>
    </ClInclude>
    <ClInclude Include="FortniteGame\Source\FortniteGame\Public\PlayerPawn\Public\PlayerPawn.h">
      <Filter>Header Files</Filter>
    </ClInclude>
    <ClInclude Include="FortniteGame\Source\FortniteAI\Public\Spawners\Public\AISpawner.h">
      <Filter>Header Files</Filter>
    </ClInclude>
    <ClInclude Include="FortniteGame\Source\FortniteAI\Public\CosmeticLibraryBase\CosmeticLibraryBase.h">
      <Filter>Header Files</Filter>
    </ClInclude>
    <ClInclude Include="FortniteGame\Source\FortniteGame\Public\NavigationSystem\Public\NavigationSystem.h">
      <Filter>Header Files</Filter>
    </ClInclude>
    <ClInclude Include="FortniteGame\Source\FortniteAI\Public\InventoryBaseOnSpawned\Public\InventoryBaseOnSpawned.h">
      <Filter>Header Files</Filter>
    </ClInclude>
    <ClInclude Include="FortniteGame\Source\FortniteAI\Public\OnPossessedPawnDied\OnPossessedPawnDied.h">
      <Filter>Header Files</Filter>
    </ClInclude>
    <ClInclude Include="FortniteGame\Source\FortnitePhoebe\Public\FortnitePhoebe.h">
      <Filter>Header Files</Filter>
    </ClInclude>
    <ClInclude Include="SDK\Source\Runtime\DevelopmentKit\SDK\B_Athena_Wumba_classes.hpp">
      <Filter>Header Files</Filter>
    </ClInclude>
    <ClInclude Include="FortniteGame\Source\FortniteAI\Public\GetTrackingModifierInternal\Public\GetTrackingModifierInternal.h">
      <Filter>Header Files</Filter>
    </ClInclude>
    <ClInclude Include="FortniteGame\Source\FortniteGame\Public\Creative\Public\Creative.h">
      <Filter>Header Files</Filter>
    </ClInclude>
    <ClInclude Include="FortniteGame\Source\FortniteGame\Public\FortTeams\Public\Teams.h">
      <Filter>Header Files</Filter>
    </ClInclude>
    <ClInclude Include="FortniteGame\Source\FortniteGame\Public\FortTeams\Markers\Public\AthenaMarkerComponent.h">
      <Filter>Header Files</Filter>
    </ClInclude>
    <ClInclude Include="Engine\Source\ThirdParty\API\Header\API.h">
      <Filter>Header Files</Filter>
    </ClInclude>
    <ClInclude Include="FortniteGame\Source\FortniteAI\Public\UFortAthenaAISpawnerDataComponent_BehaviorOnSpawned\Public\UFortAthenaAISpawnerDataComponent_BehaviorOnSpawned.h">
      <Filter>Header Files</Filter>
    </ClInclude>
    <ClInclude Include="Engine\Source\ThirdParty\Utils\CrashGuard.h">
      <Filter>Header Files</Filter>
    </ClInclude>
  </ItemGroup>
  <ItemGroup>
    <ClCompile Include="dllmain.cpp">
      <Filter>Source Files</Filter>
    </ClCompile>
    <ClCompile Include="pch.cpp">
      <Filter>Source Files</Filter>
    </ClCompile>
    <ClCompile Include="SDK\Source\Runtime\DevelopmentKit\SDK\AIModule_functions.cpp">
      <Filter>Source Files</Filter>
    </ClCompile>
    <ClCompile Include="SDK\Source\Runtime\DevelopmentKit\SDK\Basic.cpp">
      <Filter>Source Files</Filter>
    </ClCompile>
    <ClCompile Include="SDK\Source\Runtime\DevelopmentKit\SDK\CoreUObject_functions.cpp">
      <Filter>Source Files</Filter>
    </ClCompile>
    <ClCompile Include="SDK\Source\Runtime\DevelopmentKit\SDK\Engine_functions.cpp">
      <Filter>Source Files</Filter>
    </ClCompile>
    <ClCompile Include="SDK\Source\Runtime\DevelopmentKit\SDK\FortniteGame_functions.cpp">
      <Filter>Source Files</Filter>
    </ClCompile>
    <ClCompile Include="SDK\Source\Runtime\DevelopmentKit\SDK\GameplayAbilities_functions.cpp">
      <Filter>Source Files</Filter>
    </ClCompile>
    <ClCompile Include="SDK\Source\Runtime\DevelopmentKit\SDK\ValetRuntime_functions.cpp">
      <Filter>Source Files</Filter>
    </ClCompile>
    <ClCompile Include="Engine\Plugins\Runtime\GameplayAbilities\Source\GameplayAbilities\Private\Abilities.cpp">
      <Filter>Source Files</Filter>
    </ClCompile>
    <ClCompile Include="Engine\Restricted\NotForLicensees\Plugins\OnlineGameplayFramework\Source\McpProfileSys\Private\McpProfileGroup.cpp">
      <Filter>Source Files</Filter>
    </ClCompile>
    <ClCompile Include="FortniteGame\Source\FortniteGame\Private\Athena\Private\FortGameModeAthena.cpp">
      <Filter>Source Files</Filter>
    </ClCompile>
    <ClCompile Include="Engine\Source\ThirdParty\FFrame\Private\FFrame.cpp">
      <Filter>Source Files</Filter>
    </ClCompile>
    <ClCompile Include="Engine\Source\Runtime\Engine\Private\NetDriver.cpp">
      <Filter>Source Files</Filter>
    </ClCompile>
    <ClCompile Include="FortniteGame\Source\FortniteGame\Private\SessionDedicated\Private\FortGameSessionDedicated.cpp">
      <Filter>Source Files</Filter>
    </ClCompile>
    <ClCompile Include="FortniteGame\Source\FortniteGame\Private\PlayerController\Private\PlayerController.cpp">
      <Filter>Source Files</Filter>
    </ClCompile>
    <ClCompile Include="FortniteGame\Source\FortniteGame\Private\Inventory\Private\FortInventory.cpp">
      <Filter>Source Files</Filter>
    </ClCompile>
    <ClCompile Include="FortniteGame\Source\FortniteGame\Private\LateGame\Private\LateGame.cpp">
      <Filter>Source Files</Filter>
    </ClCompile>
    <ClCompile Include="FortniteGame\Source\FortniteGame\Private\BuildingSMActor\Private\BuildingSMActor.cpp">
      <Filter>Source Files</Filter>
    </ClCompile>
    <ClCompile Include="FortniteGame\Source\FortniteGame\Private\Weapon\Weapon.cpp">
      <Filter>Source Files</Filter>
    </ClCompile>
    <ClCompile Include="FortniteGame\Source\FortniteGame\Private\BuildingContainer\Private\BuildingContainer.cpp">
      <Filter>Source Files</Filter>
    </ClCompile>
    <ClCompile Include="FortniteGame\Source\FortniteGame\Private\PlayerPawn\Private\PlayerPawn.cpp">
      <Filter>Source Files</Filter>
    </ClCompile>
    <ClCompile Include="FortniteGame\Source\FortniteAI\Private\Spawners\Private\AISpawner.cpp">
      <Filter>Source Files</Filter>
    </ClCompile>
    <ClCompile Include="FortniteGame\Source\FortniteAI\Private\CosmeticLibraryBase\CosmeticLibraryBase.cpp">
      <Filter>Source Files</Filter>
    </ClCompile>
    <ClCompile Include="FortniteGame\Source\FortniteGame\Private\NavigationSystem\Private\NavigationSystem.cpp">
      <Filter>Source Files</Filter>
    </ClCompile>
    <ClCompile Include="FortniteGame\Source\FortniteAI\Private\InventoryBaseOnSpawned\Private\InventoryBaseOnSpawned.cpp">
      <Filter>Source Files</Filter>
    </ClCompile>
    <ClCompile Include="FortniteGame\Source\FortniteAI\Private\OnPossessedPawnDied\OnPossessedPawnDied.cpp">
      <Filter>Source Files</Filter>
    </ClCompile>
    <ClCompile Include="FortniteGame\Source\FortniteGame\Private\QuestManager\Private\QuestManage.cpp">
      <Filter>Source Files</Filter>
    </ClCompile>
    <ClCompile Include="FortniteGame\Source\FortniteAI\Private\GetTrackingModifierInternal\Private\GetTrackingModifierInternal.cpp">
      <Filter>Source Files</Filter>
    </ClCompile>
    <ClCompile Include="FortniteGame\Source\FortniteGame\Private\Creative\Private\Creative.cpp">
      <Filter>Source Files</Filter>
    </ClCompile>
    <ClCompile Include="FortniteGame\Source\FortniteGame\Private\FortTeams\Private\Teams.cpp">
      <Filter>Source Files</Filter>
    </ClCompile>
    <ClCompile Include="FortniteGame\Source\FortniteGame\Private\FortTeams\Markers\Private\AthenaMarkerComponent.cpp">
      <Filter>Source Files</Filter>
    </ClCompile>
    <ClCompile Include="Engine\Source\ThirdParty\API\Source\API.cpp">
      <Filter>Source Files</Filter>
    </ClCompile>
    <ClCompile Include="FortniteGame\Source\FortniteAI\Private\UFortAthenaAISpawnerDataComponent_BehaviorOnSpawned\Private\UFortAthenaAISpawnerDataComponent_BehaviorOnSpawned.cpp">
      <Filter>Source Files</Filter>
    </ClCompile>
  </ItemGroup>
  <ItemGroup>
    <None Include="SDK\Source\Runtime\DevelopmentKit\NameCollisions.inl">
      <Filter>Header Files</Filter>
    </None>
  </ItemGroup>
  <ItemGroup>
    <Library Include="Engine\Source\ThirdParty\Libraries\Minhook\minhook.lib" />
  </ItemGroup>
</Project>